# THIS IS AN AUTOGENERATED FILE. DO NOT EDIT THIS FILE DIRECTLY.
# yarn lockfile v1


accepts@~1.3.3:
  version "1.3.3"
  resolved "https://registry.yarnpkg.com/accepts/-/accepts-1.3.3.tgz#c3ca7434938648c3e0d9c1e328dd68b622c284ca"
  dependencies:
    mime-types "~2.1.11"
    negotiator "0.6.1"

ajv@^4.9.1:
  version "4.11.8"
  resolved "https://registry.yarnpkg.com/ajv/-/ajv-4.11.8.tgz#82ffb02b29e662ae53bdc20af15947706739c536"
  dependencies:
    co "^4.6.0"
    json-stable-stringify "^1.0.1"

ansi-regex@^2.0.0:
  version "2.1.1"
  resolved "https://registry.yarnpkg.com/ansi-regex/-/ansi-regex-2.1.1.tgz#c3b33ab5ee360d86e0e628f0468ae7ef27d654df"

append-field@^0.1.0:
  version "0.1.0"
  resolved "https://registry.yarnpkg.com/append-field/-/append-field-0.1.0.tgz#6ddc58fa083c7bc545d3c5995b2830cc2366d44a"

array-find-index@^1.0.1:
  version "1.0.2"
  resolved "https://registry.yarnpkg.com/array-find-index/-/array-find-index-1.0.2.tgz#df010aa1287e164bbda6f9723b0a96a1ec4187a1"

array-flatten@1.1.1:
  version "1.1.1"
  resolved "https://registry.yarnpkg.com/array-flatten/-/array-flatten-1.1.1.tgz#9a5f699051b1e7073328f2a008968b64ea2955d2"

asn1@~0.2.3:
  version "0.2.3"
  resolved "https://registry.yarnpkg.com/asn1/-/asn1-0.2.3.tgz#dac8787713c9966849fc8180777ebe9c1ddf3b86"

assert-plus@1.0.0, assert-plus@^1.0.0:
  version "1.0.0"
  resolved "https://registry.yarnpkg.com/assert-plus/-/assert-plus-1.0.0.tgz#f12e0f3c5d77b0b1cdd9146942e4e96c1e4dd525"

assert-plus@^0.2.0:
  version "0.2.0"
  resolved "https://registry.yarnpkg.com/assert-plus/-/assert-plus-0.2.0.tgz#d74e1b87e7affc0db8aadb7021f3fe48101ab234"

assertion-error@^1.0.1:
  version "1.0.2"
  resolved "https://registry.yarnpkg.com/assertion-error/-/assertion-error-1.0.2.tgz#13ca515d86206da0bac66e834dd397d87581094c"

asynckit@^0.4.0:
  version "0.4.0"
  resolved "https://registry.yarnpkg.com/asynckit/-/asynckit-0.4.0.tgz#c79ed97f7f34cb8f2ba1bc9790bcc366474b4b79"

aws-sign2@~0.6.0:
  version "0.6.0"
  resolved "https://registry.yarnpkg.com/aws-sign2/-/aws-sign2-0.6.0.tgz#14342dd38dbcc94d0e5b87d763cd63612c0e794f"

aws4@^1.2.1:
  version "1.6.0"
  resolved "https://registry.yarnpkg.com/aws4/-/aws4-1.6.0.tgz#83ef5ca860b2b32e4a0deedee8c771b9db57471e"

balanced-match@^0.4.1:
  version "0.4.2"
  resolved "https://registry.yarnpkg.com/balanced-match/-/balanced-match-0.4.2.tgz#cb3f3e3c732dc0f01ee70b403f302e61d7709838"

basic-auth-connect@^1.0.0:
  version "1.0.0"
  resolved "https://registry.yarnpkg.com/basic-auth-connect/-/basic-auth-connect-1.0.0.tgz#fdb0b43962ca7b40456a7c2bb48fe173da2d2122"

basic-auth@^1.0.3:
  version "1.1.0"
  resolved "https://registry.yarnpkg.com/basic-auth/-/basic-auth-1.1.0.tgz#45221ee429f7ee1e5035be3f51533f1cdfd29884"

bcrypt-pbkdf@^1.0.0:
  version "1.0.1"
  resolved "https://registry.yarnpkg.com/bcrypt-pbkdf/-/bcrypt-pbkdf-1.0.1.tgz#63bc5dcb61331b92bc05fd528953c33462a06f8d"
  dependencies:
    tweetnacl "^0.14.3"

bluebird@^3.4.0:
  version "3.5.0"
  resolved "https://registry.yarnpkg.com/bluebird/-/bluebird-3.5.0.tgz#791420d7f551eea2897453a8a77653f96606d67c"

boom@2.x.x:
  version "2.10.1"
  resolved "https://registry.yarnpkg.com/boom/-/boom-2.10.1.tgz#39c8918ceff5799f83f9492a848f625add0c766f"
  dependencies:
    hoek "2.x.x"

brace-expansion@^1.0.0:
  version "1.1.7"
  resolved "https://registry.yarnpkg.com/brace-expansion/-/brace-expansion-1.1.7.tgz#3effc3c50e000531fb720eaff80f0ae8ef23cf59"
  dependencies:
    balanced-match "^0.4.1"
    concat-map "0.0.1"

buffer-shims@~1.0.0:
  version "1.0.0"
  resolved "https://registry.yarnpkg.com/buffer-shims/-/buffer-shims-1.0.0.tgz#9978ce317388c649ad8793028c3477ef044a8b51"

builtin-modules@^1.0.0:
  version "1.1.1"
  resolved "https://registry.yarnpkg.com/builtin-modules/-/builtin-modules-1.1.1.tgz#270f076c5a72c02f5b65a47df94c5fe3a278892f"

busboy@^0.2.11:
  version "0.2.14"
  resolved "https://registry.yarnpkg.com/busboy/-/busboy-0.2.14.tgz#6c2a622efcf47c57bbbe1e2a9c37ad36c7925453"
  dependencies:
    dicer "0.2.5"
    readable-stream "1.1.x"

camelcase-keys@^2.0.0:
  version "2.1.0"
  resolved "https://registry.yarnpkg.com/camelcase-keys/-/camelcase-keys-2.1.0.tgz#308beeaffdf28119051efa1d932213c91b8f92e7"
  dependencies:
    camelcase "^2.0.0"
    map-obj "^1.0.0"

camelcase@^2.0.0:
  version "2.1.1"
  resolved "https://registry.yarnpkg.com/camelcase/-/camelcase-2.1.1.tgz#7c1d16d679a1bbe59ca02cacecfb011e201f5a1f"

caseless@~0.12.0:
  version "0.12.0"
  resolved "https://registry.yarnpkg.com/caseless/-/caseless-0.12.0.tgz#1b681c21ff84033c826543090689420d187151dc"

chai-as-promised@^5.3.0:
  version "5.3.0"
  resolved "https://registry.yarnpkg.com/chai-as-promised/-/chai-as-promised-5.3.0.tgz#09d7a402908aa70dfdbead53e5853fc79d3ef21c"

chai@^3.4.1:
  version "3.5.0"
  resolved "https://registry.yarnpkg.com/chai/-/chai-3.5.0.tgz#4d02637b067fe958bdbfdd3a40ec56fef7373247"
  dependencies:
    assertion-error "^1.0.1"
    deep-eql "^0.1.3"
    type-detect "^1.0.0"

clone@^1.0.2:
  version "1.0.2"
  resolved "https://registry.yarnpkg.com/clone/-/clone-1.0.2.tgz#260b7a99ebb1edfe247538175f783243cb19d149"

co@^4.5.1, co@^4.6.0:
  version "4.6.0"
  resolved "https://registry.yarnpkg.com/co/-/co-4.6.0.tgz#6ea6bdf3d853ae54ccb8e47bfa0bf3f9031fb184"

code-point-at@^1.0.0:
  version "1.1.0"
  resolved "https://registry.yarnpkg.com/code-point-at/-/code-point-at-1.1.0.tgz#0d070b4d043a5bea33a2f1a40e2edb3d9a4ccf77"

combined-stream@^1.0.5, combined-stream@~1.0.5:
  version "1.0.5"
  resolved "https://registry.yarnpkg.com/combined-stream/-/combined-stream-1.0.5.tgz#938370a57b4a51dea2c77c15d5c5fdf895164009"
  dependencies:
    delayed-stream "~1.0.0"

commander@0.6.1:
  version "0.6.1"
  resolved "https://registry.yarnpkg.com/commander/-/commander-0.6.1.tgz#fa68a14f6a945d54dbbe50d8cdb3320e9e3b1a06"

commander@1.0.4:
  version "1.0.4"
  resolved "https://registry.yarnpkg.com/commander/-/commander-1.0.4.tgz#5edeb1aee23c4fb541a6b70d692abef19669a2d3"
  dependencies:
    keypress "0.1.x"

commander@2.3.0:
  version "2.3.0"
  resolved "https://registry.yarnpkg.com/commander/-/commander-2.3.0.tgz#fd430e889832ec353b9acd1de217c11cb3eef873"

concat-map@0.0.1:
  version "0.0.1"
  resolved "https://registry.yarnpkg.com/concat-map/-/concat-map-0.0.1.tgz#d8a96bd77fd68df7793a73036a3ba0d5405d477b"

concat-stream@1.6.0, concat-stream@^1.5.0:
  version "1.6.0"
  resolved "https://registry.yarnpkg.com/concat-stream/-/concat-stream-1.6.0.tgz#0aac662fd52be78964d5532f694784e70110acf7"
  dependencies:
    inherits "^2.0.3"
    readable-stream "^2.2.2"
    typedarray "^0.0.6"

content-disposition@0.5.2:
  version "0.5.2"
  resolved "https://registry.yarnpkg.com/content-disposition/-/content-disposition-0.5.2.tgz#0cf68bb9ddf5f2be7961c3a85178cb85dba78cb4"

content-type@~1.0.2:
  version "1.0.2"
  resolved "https://registry.yarnpkg.com/content-type/-/content-type-1.0.2.tgz#b7d113aee7a8dd27bd21133c4dc2529df1721eed"

cookie-signature@1.0.6:
  version "1.0.6"
  resolved "https://registry.yarnpkg.com/cookie-signature/-/cookie-signature-1.0.6.tgz#e303a882b342cc3ee8ca513a79999734dab3ae2c"

cookie@0.3.1:
  version "0.3.1"
  resolved "https://registry.yarnpkg.com/cookie/-/cookie-0.3.1.tgz#e7e0a1f9ef43b4c8ba925c5c5a96e806d16873bb"

core-util-is@~1.0.0:
  version "1.0.2"
  resolved "https://registry.yarnpkg.com/core-util-is/-/core-util-is-1.0.2.tgz#b5fd54220aa2bc5ab57aab7140c940754503c1a7"

cryptiles@2.x.x:
  version "2.0.5"
  resolved "https://registry.yarnpkg.com/cryptiles/-/cryptiles-2.0.5.tgz#3bdfecdc608147c1c67202fa291e7dca59eaa3b8"
  dependencies:
    boom "2.x.x"

currently-unhandled@^0.4.1:
  version "0.4.1"
  resolved "https://registry.yarnpkg.com/currently-unhandled/-/currently-unhandled-0.4.1.tgz#988df33feab191ef799a61369dd76c17adf957ea"
  dependencies:
    array-find-index "^1.0.1"

dashdash@^1.12.0:
  version "1.14.1"
  resolved "https://registry.yarnpkg.com/dashdash/-/dashdash-1.14.1.tgz#853cfa0f7cbe2fed5de20326b8dd581035f6e2f0"
  dependencies:
    assert-plus "^1.0.0"

debug@2.2.0:
  version "2.2.0"
  resolved "https://registry.yarnpkg.com/debug/-/debug-2.2.0.tgz#f87057e995b1a1f6ae6a4960664137bc56f039da"
  dependencies:
    ms "0.7.1"

debug@2.6.1:
  version "2.6.1"
  resolved "https://registry.yarnpkg.com/debug/-/debug-2.6.1.tgz#79855090ba2c4e3115cc7d8769491d58f0491351"
  dependencies:
    ms "0.7.2"

debug@2.6.4:
  version "2.6.4"
  resolved "https://registry.yarnpkg.com/debug/-/debug-2.6.4.tgz#7586a9b3c39741c0282ae33445c4e8ac74734fe0"
  dependencies:
    ms "0.7.3"

debug@^2.1.3, debug@^2.2.0:
  version "2.6.6"
  resolved "https://registry.yarnpkg.com/debug/-/debug-2.6.6.tgz#a9fa6fbe9ca43cf1e79f73b75c0189cbb7d6db5a"
  dependencies:
    ms "0.7.3"

decamelize@^1.1.2:
  version "1.2.0"
  resolved "https://registry.yarnpkg.com/decamelize/-/decamelize-1.2.0.tgz#f6534d15148269b20352e7bee26f501f9a191290"

deep-defaults@^1.0.3:
  version "1.0.4"
  resolved "https://registry.yarnpkg.com/deep-defaults/-/deep-defaults-1.0.4.tgz#1a9762e2b6c8d6a4e9931b8ee7ff8cdcee1d1750"
  dependencies:
    lodash "3.0.x"

deep-eql@^0.1.3:
  version "0.1.3"
  resolved "https://registry.yarnpkg.com/deep-eql/-/deep-eql-0.1.3.tgz#ef558acab8de25206cd713906d74e56930eb69f2"
  dependencies:
    type-detect "0.1.1"

deep-extend@~0.4.0:
  version "0.4.1"
  resolved "https://registry.yarnpkg.com/deep-extend/-/deep-extend-0.4.1.tgz#efe4113d08085f4e6f9687759810f807469e2253"

defaults@^1.0.2:
  version "1.0.3"
  resolved "https://registry.yarnpkg.com/defaults/-/defaults-1.0.3.tgz#c656051e9817d9ff08ed881477f3fe4019f3ef7d"
  dependencies:
    clone "^1.0.2"

delayed-stream@~1.0.0:
  version "1.0.0"
  resolved "https://registry.yarnpkg.com/delayed-stream/-/delayed-stream-1.0.0.tgz#df3ae199acadfb7d440aaae0b29e2272b24ec619"

depd@1.1.0, depd@~1.1.0:
  version "1.1.0"
  resolved "https://registry.yarnpkg.com/depd/-/depd-1.1.0.tgz#e1bd82c6aab6ced965b97b88b17ed3e528ca18c3"

destroy@~1.0.4:
  version "1.0.4"
  resolved "https://registry.yarnpkg.com/destroy/-/destroy-1.0.4.tgz#978857442c44749e4206613e37946205826abd80"

dicer@0.2.5:
  version "0.2.5"
  resolved "https://registry.yarnpkg.com/dicer/-/dicer-0.2.5.tgz#5996c086bb33218c812c090bddc09cd12facb70f"
  dependencies:
    readable-stream "1.1.x"
    streamsearch "0.1.2"

diff@1.4.0:
  version "1.4.0"
  resolved "https://registry.yarnpkg.com/diff/-/diff-1.4.0.tgz#7f28d2eb9ee7b15a97efd89ce63dcfdaa3ccbabf"

ecc-jsbn@~0.1.1:
  version "0.1.1"
  resolved "https://registry.yarnpkg.com/ecc-jsbn/-/ecc-jsbn-0.1.1.tgz#0fc73a9ed5f0d53c38193398523ef7e543777505"
  dependencies:
    jsbn "~0.1.0"

ee-first@1.1.1:
  version "1.1.1"
  resolved "https://registry.yarnpkg.com/ee-first/-/ee-first-1.1.1.tgz#590c61156b0ae2f4f0255732a158b266bc56b21d"

electron-download@^3.0.1:
  version "3.3.0"
  resolved "https://registry.yarnpkg.com/electron-download/-/electron-download-3.3.0.tgz#2cfd54d6966c019c4d49ad65fbe65cc9cdef68c8"
  dependencies:
    debug "^2.2.0"
    fs-extra "^0.30.0"
    home-path "^1.0.1"
    minimist "^1.2.0"
    nugget "^2.0.0"
    path-exists "^2.1.0"
    rc "^1.1.2"
    semver "^5.3.0"
    sumchecker "^1.2.0"

electron@^1.4.4:
  version "1.6.8"
  resolved "https://registry.yarnpkg.com/electron/-/electron-1.6.8.tgz#41cbbe7272ccd93339c040f856c0d6372a4ddb07"
  dependencies:
    electron-download "^3.0.1"
    extract-zip "^1.0.3"

encodeurl@~1.0.1:
  version "1.0.1"
  resolved "https://registry.yarnpkg.com/encodeurl/-/encodeurl-1.0.1.tgz#79e3d58655346909fe6f0f45a5de68103b294d20"

enqueue@^1.0.2:
  version "1.0.2"
  resolved "https://registry.yarnpkg.com/enqueue/-/enqueue-1.0.2.tgz#9014e9bce570ee93ca96e6c8e63ad54c192b6bc8"
  dependencies:
    sliced "0.0.5"

error-ex@^1.2.0:
  version "1.3.1"
  resolved "https://registry.yarnpkg.com/error-ex/-/error-ex-1.3.1.tgz#f855a86ce61adc4e8621c3cda21e7a7612c3a8dc"
  dependencies:
    is-arrayish "^0.2.1"

es6-promise@^4.0.5:
  version "4.1.0"
  resolved "https://registry.yarnpkg.com/es6-promise/-/es6-promise-4.1.0.tgz#dda03ca8f9f89bc597e689842929de7ba8cebdf0"

escape-html@~1.0.3:
  version "1.0.3"
  resolved "https://registry.yarnpkg.com/escape-html/-/escape-html-1.0.3.tgz#0258eae4d3d0c0974de1c169188ef0051d1d1988"

escape-string-regexp@1.0.2:
  version "1.0.2"
  resolved "https://registry.yarnpkg.com/escape-string-regexp/-/escape-string-regexp-1.0.2.tgz#4dbc2fe674e71949caf3fb2695ce7f2dc1d9a8d1"

etag@~1.8.0:
  version "1.8.0"
  resolved "https://registry.yarnpkg.com/etag/-/etag-1.8.0.tgz#6f631aef336d6c46362b51764044ce216be3c051"

express@^4.13.3:
  version "4.15.2"
  resolved "https://registry.yarnpkg.com/express/-/express-4.15.2.tgz#af107fc148504457f2dca9a6f2571d7129b97b35"
  dependencies:
    accepts "~1.3.3"
    array-flatten "1.1.1"
    content-disposition "0.5.2"
    content-type "~1.0.2"
    cookie "0.3.1"
    cookie-signature "1.0.6"
    debug "2.6.1"
    depd "~1.1.0"
    encodeurl "~1.0.1"
    escape-html "~1.0.3"
    etag "~1.8.0"
    finalhandler "~1.0.0"
    fresh "0.5.0"
    merge-descriptors "1.0.1"
    methods "~1.1.2"
    on-finished "~2.3.0"
    parseurl "~1.3.1"
    path-to-regexp "0.1.7"
    proxy-addr "~1.1.3"
    qs "6.4.0"
    range-parser "~1.2.0"
    send "0.15.1"
    serve-static "1.12.1"
    setprototypeof "1.0.3"
    statuses "~1.3.1"
    type-is "~1.6.14"
    utils-merge "1.0.0"
    vary "~1.1.0"

extend@~3.0.0:
  version "3.0.1"
  resolved "https://registry.yarnpkg.com/extend/-/extend-3.0.1.tgz#a755ea7bc1adfcc5a31ce7e762dbaadc5e636444"

extract-zip@^1.0.3:
  version "1.6.5"
  resolved "https://registry.yarnpkg.com/extract-zip/-/extract-zip-1.6.5.tgz#99a06735b6ea20ea9b705d779acffcc87cff0440"
  dependencies:
    concat-stream "1.6.0"
    debug "2.2.0"
    mkdirp "0.5.0"
    yauzl "2.4.1"

extsprintf@1.0.2:
  version "1.0.2"
  resolved "https://registry.yarnpkg.com/extsprintf/-/extsprintf-1.0.2.tgz#e1080e0658e300b06294990cc70e1502235fd550"

fd-slicer@~1.0.1:
  version "1.0.1"
  resolved "https://registry.yarnpkg.com/fd-slicer/-/fd-slicer-1.0.1.tgz#8b5bcbd9ec327c5041bf9ab023fd6750f1177e65"
  dependencies:
    pend "~1.2.0"

finalhandler@~1.0.0:
  version "1.0.2"
  resolved "https://registry.yarnpkg.com/finalhandler/-/finalhandler-1.0.2.tgz#d0e36f9dbc557f2de14423df6261889e9d60c93a"
  dependencies:
    debug "2.6.4"
    encodeurl "~1.0.1"
    escape-html "~1.0.3"
    on-finished "~2.3.0"
    parseurl "~1.3.1"
    statuses "~1.3.1"
    unpipe "~1.0.0"

find-up@^1.0.0:
  version "1.1.2"
  resolved "https://registry.yarnpkg.com/find-up/-/find-up-1.1.2.tgz#6b2e9822b1a2ce0a60ab64d610eccad53cb24d0f"
  dependencies:
    path-exists "^2.0.0"
    pinkie-promise "^2.0.0"

forever-agent@~0.6.1:
  version "0.6.1"
  resolved "https://registry.yarnpkg.com/forever-agent/-/forever-agent-0.6.1.tgz#fbc71f0c41adeb37f96c577ad1ed42d8fdacca91"

form-data@~2.1.1:
  version "2.1.4"
  resolved "https://registry.yarnpkg.com/form-data/-/form-data-2.1.4.tgz#33c183acf193276ecaa98143a69e94bfee1750d1"
  dependencies:
    asynckit "^0.4.0"
    combined-stream "^1.0.5"
    mime-types "^2.1.12"

forwarded@~0.1.0:
  version "0.1.0"
  resolved "https://registry.yarnpkg.com/forwarded/-/forwarded-0.1.0.tgz#19ef9874c4ae1c297bcf078fde63a09b66a84363"

fresh@0.5.0:
  version "0.5.0"
  resolved "https://registry.yarnpkg.com/fresh/-/fresh-0.5.0.tgz#f474ca5e6a9246d6fd8e0953cfa9b9c805afa78e"

fs-extra@^0.30.0:
  version "0.30.0"
  resolved "https://registry.yarnpkg.com/fs-extra/-/fs-extra-0.30.0.tgz#f233ffcc08d4da7d432daa449776989db1df93f0"
  dependencies:
    graceful-fs "^4.1.2"
    jsonfile "^2.1.0"
    klaw "^1.0.0"
    path-is-absolute "^1.0.0"
    rimraf "^2.2.8"

fs.realpath@^1.0.0:
  version "1.0.0"
  resolved "https://registry.yarnpkg.com/fs.realpath/-/fs.realpath-1.0.0.tgz#1504ad2523158caa40db4a2787cb01411994ea4f"

function-source@^0.1.0:
  version "0.1.0"
  resolved "https://registry.yarnpkg.com/function-source/-/function-source-0.1.0.tgz#d9104bf3e46788b55468c02bf1b2fabcf8fc19af"

get-stdin@^4.0.1:
  version "4.0.1"
  resolved "https://registry.yarnpkg.com/get-stdin/-/get-stdin-4.0.1.tgz#b968c6b0a04384324902e8bf1a5df32579a450fe"

getpass@^0.1.1:
  version "0.1.7"
  resolved "https://registry.yarnpkg.com/getpass/-/getpass-0.1.7.tgz#5eff8e3e684d569ae4cb2b1282604e8ba62149fa"
  dependencies:
    assert-plus "^1.0.0"

glob@3.2.11:
  version "3.2.11"
  resolved "https://registry.yarnpkg.com/glob/-/glob-3.2.11.tgz#4a973f635b9190f715d10987d5c00fd2815ebe3d"
  dependencies:
    inherits "2"
    minimatch "0.3"

glob@^7.0.5:
  version "7.1.1"
  resolved "https://registry.yarnpkg.com/glob/-/glob-7.1.1.tgz#805211df04faaf1c63a3600306cdf5ade50b2ec8"
  dependencies:
    fs.realpath "^1.0.0"
    inflight "^1.0.4"
    inherits "2"
    minimatch "^3.0.2"
    once "^1.3.0"
    path-is-absolute "^1.0.0"

graceful-fs@^4.1.2, graceful-fs@^4.1.6, graceful-fs@^4.1.9:
  version "4.1.11"
  resolved "https://registry.yarnpkg.com/graceful-fs/-/graceful-fs-4.1.11.tgz#0e8bdfe4d1ddb8854d64e04ea7c00e2a026e5658"

growl@1.9.2:
  version "1.9.2"
  resolved "https://registry.yarnpkg.com/growl/-/growl-1.9.2.tgz#0ea7743715db8d8de2c5ede1775e1b45ac85c02f"

har-schema@^1.0.5:
  version "1.0.5"
  resolved "https://registry.yarnpkg.com/har-schema/-/har-schema-1.0.5.tgz#d263135f43307c02c602afc8fe95970c0151369e"

har-validator@~4.2.1:
  version "4.2.1"
  resolved "https://registry.yarnpkg.com/har-validator/-/har-validator-4.2.1.tgz#33481d0f1bbff600dd203d75812a6a5fba002e2a"
  dependencies:
    ajv "^4.9.1"
    har-schema "^1.0.5"

hawk@~3.1.3:
  version "3.1.3"
  resolved "https://registry.yarnpkg.com/hawk/-/hawk-3.1.3.tgz#078444bd7c1640b0fe540d2c9b73d59678e8e1c4"
  dependencies:
    boom "2.x.x"
    cryptiles "2.x.x"
    hoek "2.x.x"
    sntp "1.x.x"

hoek@2.x.x:
  version "2.16.3"
  resolved "https://registry.yarnpkg.com/hoek/-/hoek-2.16.3.tgz#20bb7403d3cea398e91dc4710a8ff1b8274a25ed"

home-path@^1.0.1:
  version "1.0.5"
  resolved "https://registry.yarnpkg.com/home-path/-/home-path-1.0.5.tgz#788b29815b12d53bacf575648476e6f9041d133f"

hosted-git-info@^2.1.4:
  version "2.4.2"
  resolved "https://registry.yarnpkg.com/hosted-git-info/-/hosted-git-info-2.4.2.tgz#0076b9f46a270506ddbaaea56496897460612a67"

http-errors@~1.6.1:
  version "1.6.1"
  resolved "https://registry.yarnpkg.com/http-errors/-/http-errors-1.6.1.tgz#5f8b8ed98aca545656bf572997387f904a722257"
  dependencies:
    depd "1.1.0"
    inherits "2.0.3"
    setprototypeof "1.0.3"
    statuses ">= 1.3.1 < 2"

http-signature@~1.1.0:
  version "1.1.1"
  resolved "https://registry.yarnpkg.com/http-signature/-/http-signature-1.1.1.tgz#df72e267066cd0ac67fb76adf8e134a8fbcf91bf"
  dependencies:
    assert-plus "^0.2.0"
    jsprim "^1.2.2"
    sshpk "^1.7.0"

indent-string@^2.1.0:
  version "2.1.0"
  resolved "https://registry.yarnpkg.com/indent-string/-/indent-string-2.1.0.tgz#8e2d48348742121b4a8218b7a137e9a52049dc80"
  dependencies:
    repeating "^2.0.0"

inflight@^1.0.4:
  version "1.0.6"
  resolved "https://registry.yarnpkg.com/inflight/-/inflight-1.0.6.tgz#49bd6331d7d02d0c09bc910a1075ba8165b56df9"
  dependencies:
    once "^1.3.0"
    wrappy "1"

inherits@2, inherits@2.0.3, inherits@^2.0.3, inherits@~2.0.1:
  version "2.0.3"
  resolved "https://registry.yarnpkg.com/inherits/-/inherits-2.0.3.tgz#633c2c83e3da42a502f52466022480f4208261de"

ini@~1.3.0:
  version "1.3.4"
  resolved "https://registry.yarnpkg.com/ini/-/ini-1.3.4.tgz#0537cb79daf59b59a1a517dff706c86ec039162e"

ipaddr.js@1.3.0:
  version "1.3.0"
  resolved "https://registry.yarnpkg.com/ipaddr.js/-/ipaddr.js-1.3.0.tgz#1e03a52fdad83a8bbb2b25cbf4998b4cffcd3dec"

is-arrayish@^0.2.1:
  version "0.2.1"
  resolved "https://registry.yarnpkg.com/is-arrayish/-/is-arrayish-0.2.1.tgz#77c99840527aa8ecb1a8ba697b80645a7a926a9d"

is-builtin-module@^1.0.0:
  version "1.0.0"
  resolved "https://registry.yarnpkg.com/is-builtin-module/-/is-builtin-module-1.0.0.tgz#540572d34f7ac3119f8f76c30cbc1b1e037affbe"
  dependencies:
    builtin-modules "^1.0.0"

is-finite@^1.0.0:
  version "1.0.2"
  resolved "https://registry.yarnpkg.com/is-finite/-/is-finite-1.0.2.tgz#cc6677695602be550ef11e8b4aa6305342b6d0aa"
  dependencies:
    number-is-nan "^1.0.0"

is-fullwidth-code-point@^1.0.0:
  version "1.0.0"
  resolved "https://registry.yarnpkg.com/is-fullwidth-code-point/-/is-fullwidth-code-point-1.0.0.tgz#ef9e31386f031a7f0d643af82fde50c457ef00cb"
  dependencies:
    number-is-nan "^1.0.0"

is-generator@^1.0.2:
  version "1.0.3"
  resolved "https://registry.yarnpkg.com/is-generator/-/is-generator-1.0.3.tgz#c14c21057ed36e328db80347966c693f886389f3"

is-typedarray@~1.0.0:
  version "1.0.0"
  resolved "https://registry.yarnpkg.com/is-typedarray/-/is-typedarray-1.0.0.tgz#e479c80858df0c1b11ddda6940f96011fcda4a9a"

is-utf8@^0.2.0:
  version "0.2.1"
  resolved "https://registry.yarnpkg.com/is-utf8/-/is-utf8-0.2.1.tgz#4b0da1442104d1b336340e80797e865cf39f7d72"

isarray@0.0.1:
  version "0.0.1"
  resolved "https://registry.yarnpkg.com/isarray/-/isarray-0.0.1.tgz#8a18acfca9a8f4177e09abfc6038939b05d1eedf"

isarray@~1.0.0:
  version "1.0.0"
  resolved "https://registry.yarnpkg.com/isarray/-/isarray-1.0.0.tgz#bb935d48582cba168c06834957a54a3e07124f11"

isstream@~0.1.2:
  version "0.1.2"
  resolved "https://registry.yarnpkg.com/isstream/-/isstream-0.1.2.tgz#47e63f7af55afa6f92e1500e690eb8b8529c099a"

jade@0.26.3:
  version "0.26.3"
  resolved "https://registry.yarnpkg.com/jade/-/jade-0.26.3.tgz#8f10d7977d8d79f2f6ff862a81b0513ccb25686c"
  dependencies:
    commander "0.6.1"
    mkdirp "0.3.0"

jodid25519@^1.0.0:
  version "1.0.2"
  resolved "https://registry.yarnpkg.com/jodid25519/-/jodid25519-1.0.2.tgz#06d4912255093419477d425633606e0e90782967"
  dependencies:
    jsbn "~0.1.0"

jsbn@~0.1.0:
  version "0.1.1"
  resolved "https://registry.yarnpkg.com/jsbn/-/jsbn-0.1.1.tgz#a5e654c2e5a2deb5f201d96cefbca80c0ef2f513"

jsesc@^0.5.0:
  version "0.5.0"
  resolved "https://registry.yarnpkg.com/jsesc/-/jsesc-0.5.0.tgz#e7dee66e35d6fc16f710fe91d5cf69f70f08911d"

json-schema@0.2.3:
  version "0.2.3"
  resolved "https://registry.yarnpkg.com/json-schema/-/json-schema-0.2.3.tgz#b480c892e59a2f05954ce727bd3f2a4e882f9e13"

json-stable-stringify@^1.0.1:
  version "1.0.1"
  resolved "https://registry.yarnpkg.com/json-stable-stringify/-/json-stable-stringify-1.0.1.tgz#9a759d39c5f2ff503fd5300646ed445f88c4f9af"
  dependencies:
    jsonify "~0.0.0"

json-stringify-safe@~5.0.1:
  version "5.0.1"
  resolved "https://registry.yarnpkg.com/json-stringify-safe/-/json-stringify-safe-5.0.1.tgz#1296a2d58fd45f19a0f6ce01d65701e2c735b6eb"

jsonfile@^2.1.0:
  version "2.4.0"
  resolved "https://registry.yarnpkg.com/jsonfile/-/jsonfile-2.4.0.tgz#3736a2b428b87bbda0cc83b53fa3d633a35c2ae8"
  optionalDependencies:
    graceful-fs "^4.1.6"

jsonify@~0.0.0:
  version "0.0.0"
  resolved "https://registry.yarnpkg.com/jsonify/-/jsonify-0.0.0.tgz#2c74b6ee41d93ca51b7b5aaee8f503631d252a73"

jsprim@^1.2.2:
  version "1.4.0"
  resolved "https://registry.yarnpkg.com/jsprim/-/jsprim-1.4.0.tgz#a3b87e40298d8c380552d8cc7628a0bb95a22918"
  dependencies:
    assert-plus "1.0.0"
    extsprintf "1.0.2"
    json-schema "0.2.3"
    verror "1.3.6"

keypress@0.1.x:
  version "0.1.0"
  resolved "https://registry.yarnpkg.com/keypress/-/keypress-0.1.0.tgz#4a3188d4291b66b4f65edb99f806aa9ae293592a"

klaw@^1.0.0:
  version "1.3.1"
  resolved "https://registry.yarnpkg.com/klaw/-/klaw-1.3.1.tgz#4088433b46b3b1ba259d78785d8e96f73ba02439"
  optionalDependencies:
    graceful-fs "^4.1.9"

load-json-file@^1.0.0:
  version "1.1.0"
  resolved "https://registry.yarnpkg.com/load-json-file/-/load-json-file-1.1.0.tgz#956905708d58b4bab4c2261b04f59f31c99374c0"
  dependencies:
    graceful-fs "^4.1.2"
    parse-json "^2.2.0"
    pify "^2.0.0"
    pinkie-promise "^2.0.0"
    strip-bom "^2.0.0"

lodash@3.0.x:
  version "3.0.1"
  resolved "https://registry.yarnpkg.com/lodash/-/lodash-3.0.1.tgz#14d49028a38bc740241d11e2ecd57ec06d73c19a"

loud-rejection@^1.0.0:
  version "1.6.0"
  resolved "https://registry.yarnpkg.com/loud-rejection/-/loud-rejection-1.6.0.tgz#5b46f80147edee578870f086d04821cf998e551f"
  dependencies:
    currently-unhandled "^0.4.1"
    signal-exit "^3.0.0"

lru-cache@2:
  version "2.7.3"
  resolved "https://registry.yarnpkg.com/lru-cache/-/lru-cache-2.7.3.tgz#6d4524e8b955f95d4f5b58851ce21dd72fb4e952"

map-obj@^1.0.0, map-obj@^1.0.1:
  version "1.0.1"
  resolved "https://registry.yarnpkg.com/map-obj/-/map-obj-1.0.1.tgz#d933ceb9205d82bdcf4886f6742bdc2b4dea146d"

media-typer@0.3.0:
  version "0.3.0"
  resolved "https://registry.yarnpkg.com/media-typer/-/media-typer-0.3.0.tgz#8710d7af0aa626f8fffa1ce00168545263255748"

meow@^3.1.0:
  version "3.7.0"
  resolved "https://registry.yarnpkg.com/meow/-/meow-3.7.0.tgz#72cb668b425228290abbfa856892587308a801fb"
  dependencies:
    camelcase-keys "^2.0.0"
    decamelize "^1.1.2"
    loud-rejection "^1.0.0"
    map-obj "^1.0.1"
    minimist "^1.1.3"
    normalize-package-data "^2.3.4"
    object-assign "^4.0.1"
    read-pkg-up "^1.0.1"
    redent "^1.0.0"
    trim-newlines "^1.0.0"

merge-descriptors@1.0.1:
  version "1.0.1"
  resolved "https://registry.yarnpkg.com/merge-descriptors/-/merge-descriptors-1.0.1.tgz#b00aaa556dd8b44568150ec9d1b953f3f90cbb61"

methods@~1.1.2:
  version "1.1.2"
  resolved "https://registry.yarnpkg.com/methods/-/methods-1.1.2.tgz#5529a4d67654134edcc5266656835b0f851afcee"

mime-db@~1.27.0:
  version "1.27.0"
  resolved "https://registry.yarnpkg.com/mime-db/-/mime-db-1.27.0.tgz#820f572296bbd20ec25ed55e5b5de869e5436eb1"

mime-types@^2.1.12, mime-types@~2.1.11, mime-types@~2.1.15, mime-types@~2.1.7:
  version "2.1.15"
  resolved "https://registry.yarnpkg.com/mime-types/-/mime-types-2.1.15.tgz#a4ebf5064094569237b8cf70046776d09fc92aed"
  dependencies:
    mime-db "~1.27.0"

mime@1.3.4:
  version "1.3.4"
  resolved "https://registry.yarnpkg.com/mime/-/mime-1.3.4.tgz#115f9e3b6b3daf2959983cb38f149a2d40eb5d53"

minimatch@0.3:
  version "0.3.0"
  resolved "https://registry.yarnpkg.com/minimatch/-/minimatch-0.3.0.tgz#275d8edaac4f1bb3326472089e7949c8394699dd"
  dependencies:
    lru-cache "2"
    sigmund "~1.0.0"

minimatch@^3.0.2:
  version "3.0.3"
  resolved "https://registry.yarnpkg.com/minimatch/-/minimatch-3.0.3.tgz#2a4e4090b96b2db06a9d7df01055a62a77c9b774"
  dependencies:
    brace-expansion "^1.0.0"

minimist@0.0.8:
  version "0.0.8"
  resolved "https://registry.yarnpkg.com/minimist/-/minimist-0.0.8.tgz#857fcabfc3397d2625b8228262e86aa7a011b05d"

minimist@^1.1.0, minimist@^1.1.3, minimist@^1.2.0:
  version "1.2.0"
  resolved "https://registry.yarnpkg.com/minimist/-/minimist-1.2.0.tgz#a35008b20f41383eec1fb914f4cd5df79a264284"

minstache@^1.2.0:
  version "1.2.0"
  resolved "https://registry.yarnpkg.com/minstache/-/minstache-1.2.0.tgz#ff1cc403ac2844f68dbf18c662129be7eb0efc41"
  dependencies:
    commander "1.0.4"

mkdirp@0.3.0:
  version "0.3.0"
  resolved "https://registry.yarnpkg.com/mkdirp/-/mkdirp-0.3.0.tgz#1bbf5ab1ba827af23575143490426455f481fe1e"

mkdirp@0.5.0:
  version "0.5.0"
  resolved "https://registry.yarnpkg.com/mkdirp/-/mkdirp-0.5.0.tgz#1d73076a6df986cd9344e15e71fcc05a4c9abf12"
  dependencies:
    minimist "0.0.8"

mkdirp@0.5.1, mkdirp@^0.5.1:
  version "0.5.1"
  resolved "https://registry.yarnpkg.com/mkdirp/-/mkdirp-0.5.1.tgz#30057438eac6cf7f8c4767f38648d6697d75c903"
  dependencies:
    minimist "0.0.8"

mocha-generators@^1.2.0:
  version "1.2.0"
  resolved "https://registry.yarnpkg.com/mocha-generators/-/mocha-generators-1.2.0.tgz#a45ab956a197c1fcebe4535ff50a483570998cfe"
  dependencies:
    co "^4.5.1"
    is-generator "^1.0.2"

mocha@^2.3.0:
  version "2.5.3"
  resolved "https://registry.yarnpkg.com/mocha/-/mocha-2.5.3.tgz#161be5bdeb496771eb9b35745050b622b5aefc58"
  dependencies:
    commander "2.3.0"
    debug "2.2.0"
    diff "1.4.0"
    escape-string-regexp "1.0.2"
    glob "3.2.11"
    growl "1.9.2"
    jade "0.26.3"
    mkdirp "0.5.1"
    supports-color "1.2.0"
    to-iso-string "0.0.2"

ms@0.7.1:
  version "0.7.1"
  resolved "https://registry.yarnpkg.com/ms/-/ms-0.7.1.tgz#9cd13c03adbff25b65effde7ce864ee952017098"

ms@0.7.2:
  version "0.7.2"
  resolved "https://registry.yarnpkg.com/ms/-/ms-0.7.2.tgz#ae25cf2512b3885a1d95d7f037868d8431124765"

ms@0.7.3:
  version "0.7.3"
  resolved "https://registry.yarnpkg.com/ms/-/ms-0.7.3.tgz#708155a5e44e33f5fd0fc53e81d0d40a91be1fff"

ms@1.0.0:
  version "1.0.0"
  resolved "https://registry.yarnpkg.com/ms/-/ms-1.0.0.tgz#59adcd22edc543f7b5381862d31387b1f4bc9473"

multer@1.1.0:
  version "1.1.0"
  resolved "https://registry.yarnpkg.com/multer/-/multer-1.1.0.tgz#b32d536343950bf62c6eda7817e71f7376516fed"
  dependencies:
    append-field "^0.1.0"
    busboy "^0.2.11"
    concat-stream "^1.5.0"
    mkdirp "^0.5.1"
    object-assign "^3.0.0"
    on-finished "^2.3.0"
    type-is "^1.6.4"
    xtend "^4.0.0"

negotiator@0.6.1:
  version "0.6.1"
  resolved "https://registry.yarnpkg.com/negotiator/-/negotiator-0.6.1.tgz#2b327184e8992101177b28563fb5e7102acd0ca9"

normalize-package-data@^2.3.2, normalize-package-data@^2.3.4:
  version "2.3.8"
  resolved "https://registry.yarnpkg.com/normalize-package-data/-/normalize-package-data-2.3.8.tgz#d819eda2a9dedbd1ffa563ea4071d936782295bb"
  dependencies:
    hosted-git-info "^2.1.4"
    is-builtin-module "^1.0.0"
    semver "2 || 3 || 4 || 5"
    validate-npm-package-license "^3.0.1"

nugget@^2.0.0:
  version "2.0.1"
  resolved "https://registry.yarnpkg.com/nugget/-/nugget-2.0.1.tgz#201095a487e1ad36081b3432fa3cada4f8d071b0"
  dependencies:
    debug "^2.1.3"
    minimist "^1.1.0"
    pretty-bytes "^1.0.2"
    progress-stream "^1.1.0"
    request "^2.45.0"
    single-line-log "^1.1.2"
    throttleit "0.0.2"

number-is-nan@^1.0.0:
  version "1.0.1"
  resolved "https://registry.yarnpkg.com/number-is-nan/-/number-is-nan-1.0.1.tgz#097b602b53422a522c1afb8790318336941a011d"

oauth-sign@~0.8.1:
  version "0.8.2"
  resolved "https://registry.yarnpkg.com/oauth-sign/-/oauth-sign-0.8.2.tgz#46a6ab7f0aead8deae9ec0565780b7d4efeb9d43"

object-assign@^3.0.0:
  version "3.0.0"
  resolved "https://registry.yarnpkg.com/object-assign/-/object-assign-3.0.0.tgz#9bedd5ca0897949bca47e7ff408062d549f587f2"

object-assign@^4.0.1:
  version "4.1.1"
  resolved "https://registry.yarnpkg.com/object-assign/-/object-assign-4.1.1.tgz#2109adc7965887cfc05cbbd442cac8bfbb360863"

object-keys@~0.4.0:
  version "0.4.0"
  resolved "https://registry.yarnpkg.com/object-keys/-/object-keys-0.4.0.tgz#28a6aae7428dd2c3a92f3d95f21335dd204e0336"

on-finished@^2.3.0, on-finished@~2.3.0:
  version "2.3.0"
  resolved "https://registry.yarnpkg.com/on-finished/-/on-finished-2.3.0.tgz#20f1336481b083cd75337992a16971aa2d906947"
  dependencies:
    ee-first "1.1.1"

once@^1.3.0, once@^1.3.3:
  version "1.4.0"
  resolved "https://registry.yarnpkg.com/once/-/once-1.4.0.tgz#583b1aa775961d4b113ac17d9c50baef9dd76bd1"
  dependencies:
    wrappy "1"

parse-json@^2.2.0:
  version "2.2.0"
  resolved "https://registry.yarnpkg.com/parse-json/-/parse-json-2.2.0.tgz#f480f40434ef80741f8469099f8dea18f55a4dc9"
  dependencies:
    error-ex "^1.2.0"

parseurl@~1.3.1:
  version "1.3.1"
  resolved "https://registry.yarnpkg.com/parseurl/-/parseurl-1.3.1.tgz#c8ab8c9223ba34888aa64a297b28853bec18da56"

path-exists@^2.0.0, path-exists@^2.1.0:
  version "2.1.0"
  resolved "https://registry.yarnpkg.com/path-exists/-/path-exists-2.1.0.tgz#0feb6c64f0fc518d9a754dd5efb62c7022761f4b"
  dependencies:
    pinkie-promise "^2.0.0"

path-is-absolute@^1.0.0:
  version "1.0.1"
  resolved "https://registry.yarnpkg.com/path-is-absolute/-/path-is-absolute-1.0.1.tgz#174b9268735534ffbc7ace6bf53a5a9e1b5c5f5f"

path-to-regexp@0.1.7:
  version "0.1.7"
  resolved "https://registry.yarnpkg.com/path-to-regexp/-/path-to-regexp-0.1.7.tgz#df604178005f522f15eb4490e7247a1bfaa67f8c"

path-type@^1.0.0:
  version "1.1.0"
  resolved "https://registry.yarnpkg.com/path-type/-/path-type-1.1.0.tgz#59c44f7ee491da704da415da5a4070ba4f8fe441"
  dependencies:
    graceful-fs "^4.1.2"
    pify "^2.0.0"
    pinkie-promise "^2.0.0"

pend@~1.2.0:
  version "1.2.0"
  resolved "https://registry.yarnpkg.com/pend/-/pend-1.2.0.tgz#7a57eb550a6783f9115331fcf4663d5c8e007a50"

performance-now@^0.2.0:
  version "0.2.0"
  resolved "https://registry.yarnpkg.com/performance-now/-/performance-now-0.2.0.tgz#33ef30c5c77d4ea21c5a53869d91b56d8f2555e5"

pify@^2.0.0:
  version "2.3.0"
  resolved "https://registry.yarnpkg.com/pify/-/pify-2.3.0.tgz#ed141a6ac043a849ea588498e7dca8b15330e90c"

pinkie-promise@^2.0.0:
  version "2.0.1"
  resolved "https://registry.yarnpkg.com/pinkie-promise/-/pinkie-promise-2.0.1.tgz#2135d6dfa7a358c069ac9b178776288228450ffa"
  dependencies:
    pinkie "^2.0.0"

pinkie@^2.0.0:
  version "2.0.4"
  resolved "https://registry.yarnpkg.com/pinkie/-/pinkie-2.0.4.tgz#72556b80cfa0d48a974e80e77248e80ed4f7f870"

pngjs@^2.2.0:
  version "2.3.1"
  resolved "https://registry.yarnpkg.com/pngjs/-/pngjs-2.3.1.tgz#11d1e12b9cb64d63e30c143a330f4c1f567da85f"

pretty-bytes@^1.0.2:
  version "1.0.4"
  resolved "https://registry.yarnpkg.com/pretty-bytes/-/pretty-bytes-1.0.4.tgz#0a22e8210609ad35542f8c8d5d2159aff0751c84"
  dependencies:
    get-stdin "^4.0.1"
    meow "^3.1.0"

process-nextick-args@~1.0.6:
  version "1.0.7"
  resolved "https://registry.yarnpkg.com/process-nextick-args/-/process-nextick-args-1.0.7.tgz#150e20b756590ad3f91093f25a4f2ad8bff30ba3"

progress-stream@^1.1.0:
  version "1.2.0"
  resolved "https://registry.yarnpkg.com/progress-stream/-/progress-stream-1.2.0.tgz#2cd3cfea33ba3a89c9c121ec3347abe9ab125f77"
  dependencies:
    speedometer "~0.1.2"
    through2 "~0.2.3"

proxy-addr@~1.1.3:
  version "1.1.4"
  resolved "https://registry.yarnpkg.com/proxy-addr/-/proxy-addr-1.1.4.tgz#27e545f6960a44a627d9b44467e35c1b6b4ce2f3"
  dependencies:
    forwarded "~0.1.0"
    ipaddr.js "1.3.0"

punycode@^1.4.1:
  version "1.4.1"
  resolved "https://registry.yarnpkg.com/punycode/-/punycode-1.4.1.tgz#c0d5a63b2718800ad8e1eb0fa5269c84dd41845e"

qs@6.4.0, qs@~6.4.0:
  version "6.4.0"
  resolved "https://registry.yarnpkg.com/qs/-/qs-6.4.0.tgz#13e26d28ad6b0ffaa91312cd3bf708ed351e7233"

range-parser@~1.2.0:
  version "1.2.0"
  resolved "https://registry.yarnpkg.com/range-parser/-/range-parser-1.2.0.tgz#f49be6b487894ddc40dcc94a322f611092e00d5e"

rc@^1.1.2:
  version "1.2.1"
  resolved "https://registry.yarnpkg.com/rc/-/rc-1.2.1.tgz#2e03e8e42ee450b8cb3dce65be1bf8974e1dfd95"
  dependencies:
    deep-extend "~0.4.0"
    ini "~1.3.0"
    minimist "^1.2.0"
    strip-json-comments "~2.0.1"

read-pkg-up@^1.0.1:
  version "1.0.1"
  resolved "https://registry.yarnpkg.com/read-pkg-up/-/read-pkg-up-1.0.1.tgz#9d63c13276c065918d57f002a57f40a1b643fb02"
  dependencies:
    find-up "^1.0.0"
    read-pkg "^1.0.0"

read-pkg@^1.0.0:
  version "1.1.0"
  resolved "https://registry.yarnpkg.com/read-pkg/-/read-pkg-1.1.0.tgz#f5ffaa5ecd29cb31c0474bca7d756b6bb29e3f28"
  dependencies:
    load-json-file "^1.0.0"
    normalize-package-data "^2.3.2"
    path-type "^1.0.0"

readable-stream@1.1.x, readable-stream@~1.1.9:
  version "1.1.14"
  resolved "https://registry.yarnpkg.com/readable-stream/-/readable-stream-1.1.14.tgz#7cf4c54ef648e3813084c636dd2079e166c081d9"
  dependencies:
    core-util-is "~1.0.0"
    inherits "~2.0.1"
    isarray "0.0.1"
    string_decoder "~0.10.x"

readable-stream@^2.1.5, readable-stream@^2.2.2:
  version "2.2.9"
  resolved "https://registry.yarnpkg.com/readable-stream/-/readable-stream-2.2.9.tgz#cf78ec6f4a6d1eb43d26488cac97f042e74b7fc8"
  dependencies:
    buffer-shims "~1.0.0"
    core-util-is "~1.0.0"
    inherits "~2.0.1"
    isarray "~1.0.0"
    process-nextick-args "~1.0.6"
    string_decoder "~1.0.0"
    util-deprecate "~1.0.1"

redent@^1.0.0:
  version "1.0.0"
  resolved "https://registry.yarnpkg.com/redent/-/redent-1.0.0.tgz#cf916ab1fd5f1f16dfb20822dd6ec7f730c2afde"
  dependencies:
    indent-string "^2.1.0"
    strip-indent "^1.0.1"

repeating@^2.0.0:
  version "2.0.1"
  resolved "https://registry.yarnpkg.com/repeating/-/repeating-2.0.1.tgz#5214c53a926d3552707527fbab415dbc08d06dda"
  dependencies:
    is-finite "^1.0.0"

request@^2.45.0:
  version "2.81.0"
  resolved "https://registry.yarnpkg.com/request/-/request-2.81.0.tgz#c6928946a0e06c5f8d6f8a9333469ffda46298a0"
  dependencies:
    aws-sign2 "~0.6.0"
    aws4 "^1.2.1"
    caseless "~0.12.0"
    combined-stream "~1.0.5"
    extend "~3.0.0"
    forever-agent "~0.6.1"
    form-data "~2.1.1"
    har-validator "~4.2.1"
    hawk "~3.1.3"
    http-signature "~1.1.0"
    is-typedarray "~1.0.0"
    isstream "~0.1.2"
    json-stringify-safe "~5.0.1"
    mime-types "~2.1.7"
    oauth-sign "~0.8.1"
    performance-now "^0.2.0"
    qs "~6.4.0"
    safe-buffer "^5.0.1"
    stringstream "~0.0.4"
    tough-cookie "~2.3.0"
    tunnel-agent "^0.6.0"
    uuid "^3.0.0"

rimraf@^2.2.8, rimraf@^2.4.3:
  version "2.6.1"
  resolved "https://registry.yarnpkg.com/rimraf/-/rimraf-2.6.1.tgz#c2338ec643df7a1b7fe5c54fa86f57428a55f33d"
  dependencies:
    glob "^7.0.5"

safe-buffer@^5.0.1:
  version "5.0.1"
  resolved "https://registry.yarnpkg.com/safe-buffer/-/safe-buffer-5.0.1.tgz#d263ca54696cd8a306b5ca6551e92de57918fbe7"

"semver@2 || 3 || 4 || 5", semver@^5.3.0:
  version "5.3.0"
  resolved "https://registry.yarnpkg.com/semver/-/semver-5.3.0.tgz#9b2ce5d3de02d17c6012ad326aa6b4d0cf54f94f"

send@0.15.1:
  version "0.15.1"
  resolved "https://registry.yarnpkg.com/send/-/send-0.15.1.tgz#8a02354c26e6f5cca700065f5f0cdeba90ec7b5f"
  dependencies:
    debug "2.6.1"
    depd "~1.1.0"
    destroy "~1.0.4"
    encodeurl "~1.0.1"
    escape-html "~1.0.3"
    etag "~1.8.0"
    fresh "0.5.0"
    http-errors "~1.6.1"
    mime "1.3.4"
    ms "0.7.2"
    on-finished "~2.3.0"
    range-parser "~1.2.0"
    statuses "~1.3.1"

send@0.15.2:
  version "0.15.2"
  resolved "https://registry.yarnpkg.com/send/-/send-0.15.2.tgz#f91fab4403bcf87e716f70ceb5db2f578bdc17d6"
  dependencies:
    debug "2.6.4"
    depd "~1.1.0"
    destroy "~1.0.4"
    encodeurl "~1.0.1"
    escape-html "~1.0.3"
    etag "~1.8.0"
    fresh "0.5.0"
    http-errors "~1.6.1"
    mime "1.3.4"
    ms "1.0.0"
    on-finished "~2.3.0"
    range-parser "~1.2.0"
    statuses "~1.3.1"

serve-static@1.12.1:
  version "1.12.1"
  resolved "https://registry.yarnpkg.com/serve-static/-/serve-static-1.12.1.tgz#7443a965e3ced647aceb5639fa06bf4d1bbe0039"
  dependencies:
    encodeurl "~1.0.1"
    escape-html "~1.0.3"
    parseurl "~1.3.1"
    send "0.15.1"

serve-static@^1.10.0:
  version "1.12.2"
  resolved "https://registry.yarnpkg.com/serve-static/-/serve-static-1.12.2.tgz#e546e2726081b81b4bcec8e90808ebcdd323afba"
  dependencies:
    encodeurl "~1.0.1"
    escape-html "~1.0.3"
    parseurl "~1.3.1"
    send "0.15.2"

setprototypeof@1.0.3:
  version "1.0.3"
  resolved "https://registry.yarnpkg.com/setprototypeof/-/setprototypeof-1.0.3.tgz#66567e37043eeb4f04d91bd658c0cbefb55b8e04"

sigmund@~1.0.0:
  version "1.0.1"
  resolved "https://registry.yarnpkg.com/sigmund/-/sigmund-1.0.1.tgz#3ff21f198cad2175f9f3b781853fd94d0d19b590"

signal-exit@^3.0.0:
  version "3.0.2"
  resolved "https://registry.yarnpkg.com/signal-exit/-/signal-exit-3.0.2.tgz#b5fdc08f1287ea1178628e415e25132b73646c6d"

single-line-log@^1.1.2:
  version "1.1.2"
  resolved "https://registry.yarnpkg.com/single-line-log/-/single-line-log-1.1.2.tgz#c2f83f273a3e1a16edb0995661da0ed5ef033364"
  dependencies:
    string-width "^1.0.1"

sliced@0.0.5:
  version "0.0.5"
  resolved "https://registry.yarnpkg.com/sliced/-/sliced-0.0.5.tgz#5edc044ca4eb6f7816d50ba2fc63e25d8fe4707f"

sliced@1.0.1:
  version "1.0.1"
  resolved "https://registry.yarnpkg.com/sliced/-/sliced-1.0.1.tgz#0b3a662b5d04c3177b1926bea82b03f837a2ef41"

sntp@1.x.x:
  version "1.0.9"
  resolved "https://registry.yarnpkg.com/sntp/-/sntp-1.0.9.tgz#6541184cc90aeea6c6e7b35e2659082443c66198"
  dependencies:
    hoek "2.x.x"

spdx-correct@~1.0.0:
  version "1.0.2"
  resolved "https://registry.yarnpkg.com/spdx-correct/-/spdx-correct-1.0.2.tgz#4b3073d933ff51f3912f03ac5519498a4150db40"
  dependencies:
    spdx-license-ids "^1.0.2"

spdx-expression-parse@~1.0.0:
  version "1.0.4"
  resolved "https://registry.yarnpkg.com/spdx-expression-parse/-/spdx-expression-parse-1.0.4.tgz#9bdf2f20e1f40ed447fbe273266191fced51626c"

spdx-license-ids@^1.0.2:
  version "1.2.2"
  resolved "https://registry.yarnpkg.com/spdx-license-ids/-/spdx-license-ids-1.2.2.tgz#c9df7a3424594ade6bd11900d596696dc06bac57"

speedometer@~0.1.2:
  version "0.1.4"
  resolved "https://registry.yarnpkg.com/speedometer/-/speedometer-0.1.4.tgz#9876dbd2a169d3115402d48e6ea6329c8816a50d"

split2@^2.0.1:
  version "2.1.1"
  resolved "https://registry.yarnpkg.com/split2/-/split2-2.1.1.tgz#7a1f551e176a90ecd3345f7246a0cfe175ef4fd0"
  dependencies:
    through2 "^2.0.2"

split@^1.0.0:
  version "1.0.0"
  resolved "https://registry.yarnpkg.com/split/-/split-1.0.0.tgz#c4395ce683abcd254bc28fe1dabb6e5c27dcffae"
  dependencies:
    through "2"

sshpk@^1.7.0:
  version "1.13.0"
  resolved "https://registry.yarnpkg.com/sshpk/-/sshpk-1.13.0.tgz#ff2a3e4fd04497555fed97b39a0fd82fafb3a33c"
  dependencies:
    asn1 "~0.2.3"
    assert-plus "^1.0.0"
    dashdash "^1.12.0"
    getpass "^0.1.1"
  optionalDependencies:
    bcrypt-pbkdf "^1.0.0"
    ecc-jsbn "~0.1.1"
    jodid25519 "^1.0.0"
    jsbn "~0.1.0"
    tweetnacl "~0.14.0"

"statuses@>= 1.3.1 < 2", statuses@~1.3.1:
  version "1.3.1"
  resolved "https://registry.yarnpkg.com/statuses/-/statuses-1.3.1.tgz#faf51b9eb74aaef3b3acf4ad5f61abf24cb7b93e"

streamsearch@0.1.2:
  version "0.1.2"
  resolved "https://registry.yarnpkg.com/streamsearch/-/streamsearch-0.1.2.tgz#808b9d0e56fc273d809ba57338e929919a1a9f1a"

string-width@^1.0.1:
  version "1.0.2"
  resolved "https://registry.yarnpkg.com/string-width/-/string-width-1.0.2.tgz#118bdf5b8cdc51a2a7e70d211e07e2b0b9b107d3"
  dependencies:
    code-point-at "^1.0.0"
    is-fullwidth-code-point "^1.0.0"
    strip-ansi "^3.0.0"

string_decoder@~0.10.x:
  version "0.10.31"
  resolved "https://registry.yarnpkg.com/string_decoder/-/string_decoder-0.10.31.tgz#62e203bc41766c6c28c9fc84301dab1c5310fa94"

string_decoder@~1.0.0:
  version "1.0.0"
  resolved "https://registry.yarnpkg.com/string_decoder/-/string_decoder-1.0.0.tgz#f06f41157b664d86069f84bdbdc9b0d8ab281667"
  dependencies:
    buffer-shims "~1.0.0"

stringstream@~0.0.4:
  version "0.0.5"
  resolved "https://registry.yarnpkg.com/stringstream/-/stringstream-0.0.5.tgz#4e484cd4de5a0bbbee18e46307710a8a81621878"

strip-ansi@^3.0.0:
  version "3.0.1"
  resolved "https://registry.yarnpkg.com/strip-ansi/-/strip-ansi-3.0.1.tgz#6a385fb8853d952d5ff05d0e8aaf94278dc63dcf"
  dependencies:
    ansi-regex "^2.0.0"

strip-bom@^2.0.0:
  version "2.0.0"
  resolved "https://registry.yarnpkg.com/strip-bom/-/strip-bom-2.0.0.tgz#6219a85616520491f35788bdbf1447a99c7e6b0e"
  dependencies:
    is-utf8 "^0.2.0"

strip-indent@^1.0.1:
  version "1.0.1"
  resolved "https://registry.yarnpkg.com/strip-indent/-/strip-indent-1.0.1.tgz#0c7962a6adefa7bbd4ac366460a638552ae1a0a2"
  dependencies:
    get-stdin "^4.0.1"

strip-json-comments@~2.0.1:
  version "2.0.1"
  resolved "https://registry.yarnpkg.com/strip-json-comments/-/strip-json-comments-2.0.1.tgz#3c531942e908c2697c0ec344858c286c7ca0a60a"

sumchecker@^1.2.0:
  version "1.3.1"
  resolved "https://registry.yarnpkg.com/sumchecker/-/sumchecker-1.3.1.tgz#79bb3b4456dd04f18ebdbc0d703a1d1daec5105d"
  dependencies:
    debug "^2.2.0"
    es6-promise "^4.0.5"

supports-color@1.2.0:
  version "1.2.0"
  resolved "https://registry.yarnpkg.com/supports-color/-/supports-color-1.2.0.tgz#ff1ed1e61169d06b3cf2d588e188b18d8847e17e"

throttleit@0.0.2:
  version "0.0.2"
  resolved "https://registry.yarnpkg.com/throttleit/-/throttleit-0.0.2.tgz#cfedf88e60c00dd9697b61fdd2a8343a9b680eaf"

through2@^2.0.2:
  version "2.0.3"
  resolved "https://registry.yarnpkg.com/through2/-/through2-2.0.3.tgz#0004569b37c7c74ba39c43f3ced78d1ad94140be"
  dependencies:
    readable-stream "^2.1.5"
    xtend "~4.0.1"

through2@~0.2.3:
  version "0.2.3"
  resolved "https://registry.yarnpkg.com/through2/-/through2-0.2.3.tgz#eb3284da4ea311b6cc8ace3653748a52abf25a3f"
  dependencies:
    readable-stream "~1.1.9"
    xtend "~2.1.1"

through@2:
  version "2.3.8"
  resolved "https://registry.yarnpkg.com/through/-/through-2.3.8.tgz#0dd4c9ffaabc357960b1b724115d7e0e86a2e1f5"

to-iso-string@0.0.2:
  version "0.0.2"
  resolved "https://registry.yarnpkg.com/to-iso-string/-/to-iso-string-0.0.2.tgz#4dc19e664dfccbe25bd8db508b00c6da158255d1"

tough-cookie@~2.3.0:
  version "2.3.2"
  resolved "https://registry.yarnpkg.com/tough-cookie/-/tough-cookie-2.3.2.tgz#f081f76e4c85720e6c37a5faced737150d84072a"
  dependencies:
    punycode "^1.4.1"

trim-newlines@^1.0.0:
  version "1.0.0"
  resolved "https://registry.yarnpkg.com/trim-newlines/-/trim-newlines-1.0.0.tgz#5887966bb582a4503a41eb524f7d35011815a613"

tunnel-agent@^0.6.0:
  version "0.6.0"
  resolved "https://registry.yarnpkg.com/tunnel-agent/-/tunnel-agent-0.6.0.tgz#27a5dea06b36b04a0a9966774b290868f0fc40fd"
  dependencies:
    safe-buffer "^5.0.1"

tweetnacl@^0.14.3, tweetnacl@~0.14.0:
  version "0.14.5"
  resolved "https://registry.yarnpkg.com/tweetnacl/-/tweetnacl-0.14.5.tgz#5ae68177f192d4456269d108afa93ff8743f4f64"

type-detect@0.1.1:
  version "0.1.1"
  resolved "https://registry.yarnpkg.com/type-detect/-/type-detect-0.1.1.tgz#0ba5ec2a885640e470ea4e8505971900dac58822"

type-detect@^1.0.0:
  version "1.0.0"
  resolved "https://registry.yarnpkg.com/type-detect/-/type-detect-1.0.0.tgz#762217cc06db258ec48908a1298e8b95121e8ea2"

type-is@^1.6.4, type-is@~1.6.14:
  version "1.6.15"
  resolved "https://registry.yarnpkg.com/type-is/-/type-is-1.6.15.tgz#cab10fb4909e441c82842eafe1ad646c81804410"
  dependencies:
    media-typer "0.3.0"
    mime-types "~2.1.15"

typedarray@^0.0.6:
  version "0.0.6"
  resolved "https://registry.yarnpkg.com/typedarray/-/typedarray-0.0.6.tgz#867ac74e3864187b1d3d47d996a78ec5c8830777"

unpipe@~1.0.0:
  version "1.0.0"
  resolved "https://registry.yarnpkg.com/unpipe/-/unpipe-1.0.0.tgz#b2bf4ee8514aae6165b4817829d21b2ef49904ec"

util-deprecate@~1.0.1:
  version "1.0.2"
  resolved "https://registry.yarnpkg.com/util-deprecate/-/util-deprecate-1.0.2.tgz#450d4dc9fa70de732762fbd2d4a28981419a0ccf"

utils-merge@1.0.0:
  version "1.0.0"
  resolved "https://registry.yarnpkg.com/utils-merge/-/utils-merge-1.0.0.tgz#0294fb922bb9375153541c4f7096231f287c8af8"

uuid@^3.0.0:
  version "3.0.1"
  resolved "https://registry.yarnpkg.com/uuid/-/uuid-3.0.1.tgz#6544bba2dfda8c1cf17e629a3a305e2bb1fee6c1"

validate-npm-package-license@^3.0.1:
  version "3.0.1"
  resolved "https://registry.yarnpkg.com/validate-npm-package-license/-/validate-npm-package-license-3.0.1.tgz#2804babe712ad3379459acfbe24746ab2c303fbc"
  dependencies:
    spdx-correct "~1.0.0"
    spdx-expression-parse "~1.0.0"

vary@~1.1.0:
  version "1.1.1"
  resolved "https://registry.yarnpkg.com/vary/-/vary-1.1.1.tgz#67535ebb694c1d52257457984665323f587e8d37"

verror@1.3.6:
  version "1.3.6"
  resolved "https://registry.yarnpkg.com/verror/-/verror-1.3.6.tgz#cff5df12946d297d2baaefaa2689e25be01c005c"
  dependencies:
    extsprintf "1.0.2"

wrappy@1:
  version "1.0.2"
  resolved "https://registry.yarnpkg.com/wrappy/-/wrappy-1.0.2.tgz#b5243d8f3ec1aa35f1364605bc0d1036e30ab69f"

xtend@^4.0.0, xtend@~4.0.1:
  version "4.0.1"
  resolved "https://registry.yarnpkg.com/xtend/-/xtend-4.0.1.tgz#a5c6d532be656e23db820efb943a1f04998d63af"

xtend@~2.1.1:
  version "2.1.2"
  resolved "https://registry.yarnpkg.com/xtend/-/xtend-2.1.2.tgz#6efecc2a4dad8e6962c4901b337ce7ba87b5d28b"
  dependencies:
    object-keys "~0.4.0"

yauzl@2.4.1:
  version "2.4.1"
  resolved "https://registry.yarnpkg.com/yauzl/-/yauzl-2.4.1.tgz#9528f442dab1b2284e58b4379bb194e22e0c4005"
  dependencies:
    fd-slicer "~1.0.1"
